<?xml version="1.0" encoding="UTF-8" standalone="yes" ?>
<CodeBlocks_project_file>
	<FileVersion major="1" minor="6" />
	<Project>
		<Option title="utMathLib" />
		<Option pch_mode="2" />
		<Option compiler="gcc" />
		<Build>
			<Target title="Debug">
				<Option output="bin/Debug/utMathLib" prefix_auto="1" extension_auto="1" />
				<Option object_output="obj/Debug/" />
				<Option type="1" />
				<Option compiler="gcc" />
				<Compiler>
					<Add option="-g" />
				</Compiler>
			</Target>
			<Target title="Release">
				<Option output="bin/Release/utMathLib" prefix_auto="1" extension_auto="1" />
				<Option object_output="obj/Release/" />
				<Option type="1" />
				<Option compiler="gcc" />
				<Compiler>
					<Add option="-O2" />
				</Compiler>
				<Linker>
					<Add option="-s" />
				</Linker>
			</Target>
		</Build>
		<Compiler>
			<Add option="-Wall" />
			<Add option="-fexceptions" />
		</Compiler>
		<Unit filename="../../ContainerOutput/Container_output.h" />
		<Unit filename="../../Math/math_lib.cpp" />
		<Unit filename="../../Math/math_lib.h" />
		<Unit filename="../../Math/geom_lib.cpp" />
		<Unit filename="../../Math/geom_lib.h" />
		<Unit filename="../../Math/gwmatrix.cpp" />
		<Unit filename="../../Math/gwmatrix.h" />
		<Unit filename="../../Math/interpol.cpp" />
		<Unit filename="../../Math/interpol.h" />
		<Unit filename="../../Math/leastsquares.cpp" />
		<Unit filename="../../Math/leastsquares.h" />
		<Unit filename="../../Math/nonlinearsolver.cpp" />
		<Unit filename="../../Math/nonlinearsolver.h" />
		<Unit filename="../../Math/numeric_integration.h" />
		<Unit filename="../../Math/sle.cpp" />
		<Unit filename="../../Math/sle.h" />
		<Unit filename="../../TestFrameWork/test_runner.cpp" />
		<Unit filename="../../TestFrameWork/test_runner.h" />
		<Unit filename="../MathLibTests.cpp" />
		<Unit filename="../MathLibTests.h" />
		<Unit filename="../NonLinearSolverTests.cpp" />
		<Unit filename="../NonLinearSolverTests.h" />
		<Unit filename="../NumericIntegrationTests.cpp" />
		<Unit filename="../NumericIntegrationTests.h" />
		<Unit filename="../gwMatrixTests.cpp" />
		<Unit filename="../gwMatrixTests.h" />
		<Unit filename="../leastsquaresTests.cpp" />
		<Unit filename="../leastsquaresTests.h" />
		<Unit filename="../sle_tests.cpp" />
		<Unit filename="../sle_tests.h" />
		<Unit filename="main.cpp" />
		<Extensions>
			<code_completion />
			<envvars />
			<debugger />
			<lib_finder disable_auto="1" />
		</Extensions>
	</Project>
</CodeBlocks_project_file>
